// !$*UTF8*$!
{
	archiveVersion = 1;
	classes = {
	};
	objectVersion = 77;
	objects = {

/* Begin PBXBuildFile section */
		7DFEF3852F8D8B0900375319 /* RealityKitContent in Frameworks */ = {isa = PBXBuildFile; productRef = 7DFEF3842F8D8B0900375319 /* RealityKitContent */; };
/* End PBXBuildFile section */

/* Begin PBXContainerItemProxy section */
		7DFEF3942F8D8B0A00375319 /* PBXContainerItemProxy */ = {
			isa = PBXContainerItemProxy;
			containerPortal = 7DFEF3772F8D8B0800375319 /* Project object */;
			proxyType = 1;
			remoteGlobalIDString = 7DFEF37E2F8D8B0900375319;
			remoteInfo = "booster-k1-rosclaw-frontend";
		};
/* End PBXContainerItemProxy section */

/* Begin PBXFileReference section */
		7DFEF37F2F8D8B0900375319 /* booster-k1-rosclaw-frontend.app */ = {isa = PBXFileReference; explicitFileType = wrapper.application; includeInIndex = 0; path = "booster-k1-rosclaw-frontend.app"; sourceTree = BUILT_PRODUCTS_DIR; };
		7DFEF3832F8D8B0900375319 /* RealityKitContent */ = {isa = PBXFileReference; lastKnownFileType = wrapper; path = RealityKitContent; sourceTree = "<group>"; };
		7DFEF3932F8D8B0A00375319 /* booster-k1-rosclaw-frontendTests.xctest */ = {isa = PBXFileReference; explicitFileType = wrapper.cfbundle; includeInIndex = 0; path = "booster-k1-rosclaw-frontendTests.xctest"; sourceTree = BUILT_PRODUCTS_DIR; };
/* End PBXFileReference section */

/* Begin PBXFileSystemSynchronizedBuildFileExceptionSet section */
		7DFEF3992F8D8B0A00375319 /* Exceptions for "booster-k1-rosclaw-frontend" folder in "booster-k1-rosclaw-frontend" target */ = {
			isa = PBXFileSystemSynchronizedBuildFileExceptionSet;
			membershipExceptions = (
				Info.plist,
			);
			target = 7DFEF37E2F8D8B0900375319 /* booster-k1-rosclaw-frontend */;
		};
/* End PBXFileSystemSynchronizedBuildFileExceptionSet section */

/* Begin PBXFileSystemSynchronizedRootGroup section */
		7DFEF3812F8D8B0900375319 /* booster-k1-rosclaw-frontend */ = {
			isa = PBXFileSystemSynchronizedRootGroup;
			exceptions = (
				7DFEF3992F8D8B0A00375319 /* Exceptions for "booster-k1-rosclaw-frontend" folder in "booster-k1-rosclaw-frontend" target */,
			);
			path = "booster-k1-rosclaw-frontend";
			sourceTree = "<group>";
		};
		7DFEF3962F8D8B0A00375319 /* booster-k1-rosclaw-frontendTests */ = {
			isa = PBXFileSystemSynchronizedRootGroup;
			path = "booster-k1-rosclaw-frontendTests";
			sourceTree = "<group>";
		};
/* End PBXFileSystemSynchronizedRootGroup section */

/* Begin PBXFrameworksBuildPhase section */
		7DFEF37C2F8D8B0900375319 /* Frameworks */ = {
			isa = PBXFrameworksBuildPhase;
			buildActionMask = 2147483647;
			files = (
				7DFEF3852F8D8B0900375319 /* RealityKitContent in Frameworks */,
			);
			runOnlyForDeploymentPostprocessing = 0;
		};
		7DFEF3902F8D8B0A00375319 /* Frameworks */ = {
			isa = PBXFrameworksBuildPhase;
			buildActionMask = 2147483647;
			files = (
			);
			runOnlyForDeploymentPostprocessing = 0;
		};
/* End PBXFrameworksBuildPhase section */

/* Begin PBXGroup section */
		7DFEF3762F8D8B0800375319 = {
			isa = PBXGroup;
			children = (
				7DFEF3812F8D8B0900375319 /* booster-k1-rosclaw-frontend */,
				7DFEF3822F8D8B0900375319 /* Packages */,
				7DFEF3962F8D8B0A00375319 /* booster-k1-rosclaw-frontendTests */,
				7DFEF3802F8D8B0900375319 /* Products */,
			);
			sourceTree = "<group>";
		};
		7DFEF3802F8D8B0900375319 /* Products */ = {
			isa = PBXGroup;
			children = (
				7DFEF37F2F8D8B0900375319 /* booster-k1-rosclaw-frontend.app */,
				7DFEF3932F8D8B0A00375319 /* booster-k1-rosclaw-frontendTests.xctest */,
			);
			name = Products;
			sourceTree = "<group>";
		};
		7DFEF3822F8D8B0900375319 /* Packages */ = {
			isa = PBXGroup;
			children = (
				7DFEF3832F8D8B0900375319 /* RealityKitContent */,
			);
			path = Packages;
			sourceTree = "<group>";
		};
/* End PBXGroup section */

/* Begin PBXNativeTarget section */
		7DFEF37E2F8D8B0900375319 /* booster-k1-rosclaw-frontend */ = {
			isa = PBXNativeTarget;
			buildConfigurationList = 7DFEF39A2F8D8B0A00375319 /* Build configuration list for PBXNativeTarget "booster-k1-rosclaw-frontend" */;
			buildPhases = (
				7DFEF37B2F8D8B0900375319 /* Sources */,
				7DFEF37C2F8D8B0900375319 /* Frameworks */,
				7DFEF37D2F8D8B0900375319 /* Resources */,
			);
			buildRules = (
			);
			dependencies = (
			);
			fileSystemSynchronizedGroups = (
				7DFEF3812F8D8B0900375319 /* booster-k1-rosclaw-frontend */,
			);
			name = "booster-k1-rosclaw-frontend";
			packageProductDependencies = (
				7DFEF3842F8D8B0900375319 /* RealityKitContent */,
			);
			productName = "booster-k1-rosclaw-frontend";
			productReference = 7DFEF37F2F8D8B0900375319 /* booster-k1-rosclaw-frontend.app */;
			productType = "com.apple.product-type.application";
		};
		7DFEF3922F8D8B0A00375319 /* booster-k1-rosclaw-frontendTests */ = {
			isa = PBXNativeTarget;
			buildConfigurationList = 7DFEF39F2F8D8B0A00375319 /* Build configuration list for PBXNativeTarget "booster-k1-rosclaw-frontendTests" */;
			buildPhases = (
				7DFEF38F2F8D8B0A00375319 /* Sources */,
				7DFEF3902F8D8B0A00375319 /* Frameworks */,
				7DFEF3912F8D8B0A00375319 /* Resources */,
			);
			buildRules = (
			);
			dependencies = (
				7DFEF3952F8D8B0A00375319 /* PBXTargetDependency */,
			);
			fileSystemSynchronizedGroups = (
				7DFEF3962F8D8B0A00375319 /* booster-k1-rosclaw-frontendTests */,
			);
			name = "booster-k1-rosclaw-frontendTests";
			packageProductDependencies = (
			);
			productName = "booster-k1-rosclaw-frontendTests";
			productReference = 7DFEF3932F8D8B0A00375319 /* booster-k1-rosclaw-frontendTests.xctest */;
			productType = "com.apple.product-type.bundle.unit-test";
		};
/* End PBXNativeTarget section */

/* Begin PBXProject section */
		7DFEF3772F8D8B0800375319 /* Project object */ = {
			isa = PBXProject;
			attributes = {
				BuildIndependentTargetsInParallel = 1;
				LastSwiftUpdateCheck = 2640;
				LastUpgradeCheck = 2640;
				TargetAttributes = {
					7DFEF37E2F8D8B0900375319 = {
						CreatedOnToolsVersion = 26.4;
					};
					7DFEF3922F8D8B0A00375319 = {
						CreatedOnToolsVersion = 26.4;
						TestTargetID = 7DFEF37E2F8D8B0900375319;
					};
				};
			};
			buildConfigurationList = 7DFEF37A2F8D8B0900375319 /* Build configuration list for PBXProject "booster-k1-rosclaw-frontend" */;
			developmentRegion = en;
			hasScannedForEncodings = 0;
			knownRegions = (
				en,
				Base,
			);
			mainGroup = 7DFEF3762F8D8B0800375319;
			minimizedProjectReferenceProxies = 1;
			preferredProjectObjectVersion = 77;
			productRefGroup = 7DFEF3802F8D8B0900375319 /* Products */;
			projectDirPath = "";
			projectRoot = "";
			targets = (
				7DFEF37E2F8D8B0900375319 /* booster-k1-rosclaw-frontend */,
				7DFEF3922F8D8B0A00375319 /* booster-k1-rosclaw-frontendTests */,
			);
		};
/* End PBXProject section */

/* Begin PBXResourcesBuildPhase section */
		7DFEF37D2F8D8B0900375319 /* Resources */ = {
			isa = PBXResourcesBuildPhase;
			buildActionMask = 2147483647;
			files = (
			);
			runOnlyForDeploymentPostprocessing = 0;
		};
		7DFEF3912F8D8B0A00375319 /* Resources */ = {
			isa = PBXResourcesBuildPhase;
			buildActionMask = 2147483647;
			files = (
			);
			runOnlyForDeploymentPostprocessing = 0;
		};
/* End PBXResourcesBuildPhase section */

/* Begin PBXSourcesBuildPhase section */
		7DFEF37B2F8D8B0900375319 /* Sources */ = {
			isa = PBXSourcesBuildPhase;
			buildActionMask = 2147483647;
			files = (
			);
			runOnlyForDeploymentPostprocessing = 0;
		};
		7DFEF38F2F8D8B0A00375319 /* Sources */ = {
			isa = PBXSourcesBuildPhase;
			buildActionMask = 2147483647;
			files = (
			);
			runOnlyForDeploymentPostprocessing = 0;
		};
/* End PBXSourcesBuildPhase section */

/* Begin PBXTargetDependency section */
		7DFEF3952F8D8B0A00375319 /* PBXTargetDependency */ = {
			isa = PBXTargetDependency;
			target = 7DFEF37E2F8D8B0900375319 /* booster-k1-rosclaw-frontend */;
			targetProxy = 7DFEF3942F8D8B0A00375319 /* PBXContainerItemProxy */;
		};
/* End PBXTargetDependency section */

/* Begin XCBuildConfiguration section */
		7DFEF39B2F8D8B0A00375319 /* Debug */ = {
			isa = XCBuildConfiguration;
			buildSettings = {
				ASSETCATALOG_COMPILER_APPICON_NAME = AppIcon;
				ASSETCATALOG_COMPILER_GLOBAL_ACCENT_COLOR_NAME = AccentColor;
				CODE_SIGN_STYLE = Automatic;
				CURRENT_PROJECT_VERSION = 1;
				DEVELOPMENT_TEAM = 8GNE6ML5WX;
				ENABLE_PREVIEWS = YES;
				GENERATE_INFOPLIST_FILE = YES;
				INFOPLIST_FILE = "$(TARGET_NAME)/Info.plist";
				LD_RUNPATH_SEARCH_PATHS = (
					"$(inherited)",
					"@executable_path/Frameworks",
				);
				MARKETING_VERSION = 1.0;
				PRODUCT_BUNDLE_IDENTIFIER = "io.marcodotio.booster-k1-rosclaw-frontend";
				PRODUCT_NAME = "$(TARGET_NAME)";
				STRING_CATALOG_GENERATE_SYMBOLS = YES;
				SUPPORTED_PLATFORMS = "xros xrsimulator";
				SWIFT_APPROACHABLE_CONCURRENCY = YES;
				SWIFT_DEFAULT_ACTOR_ISOLATION = MainActor;
				SWIFT_EMIT_LOC_STRINGS = YES;
				SWIFT_UPCOMING_FEATURE_MEMBER_IMPORT_VISIBILITY = YES;
				SWIFT_VERSION = 5.0;
				TARGETED_DEVICE_FAMILY = 7;
			};
			name = Debug;
		};
		7DFEF39C2F8D8B0A00375319 /* Release */ = {
			isa = XCBuildConfiguration;
			buildSettings = {
				ASSETCATALOG_COMPILER_APPICON_NAME = AppIcon;
				ASSETCATALOG_COMPILER_GLOBAL_ACCENT_COLOR_NAME = AccentColor;
				CODE_SIGN_STYLE = Automatic;
				CURRENT_PROJECT_VERSION = 1;
				DEVELOPMENT_TEAM = 8GNE6ML5WX;
				ENABLE_PREVIEWS = YES;
				GENERATE_INFOPLIST_FILE = YES;
				INFOPLIST_FILE = "$(TARGET_NAME)/Info.plist";
				LD_RUNPATH_SEARCH_PATHS = (
					"$(inherited)",
					"@executable_path/Frameworks",
				);
				MARKETING_VERSION = 1.0;
				PRODUCT_BUNDLE_IDENTIFIER = "io.marcodotio.booster-k1-rosclaw-frontend";
				PRODUCT_NAME = "$(TARGET_NAME)";
				STRING_CATALOG_GENERATE_SYMBOLS = YES;
				SUPPORTED_PLATFORMS = "xros xrsimulator";
				SWIFT_APPROACHABLE_CONCURRENCY = YES;
				SWIFT_DEFAULT_ACTOR_ISOLATION = MainActor;
				SWIFT_EMIT_LOC_STRINGS = YES;
				SWIFT_UPCOMING_FEATURE_MEMBER_IMPORT_VISIBILITY = YES;
				SWIFT_VERSION = 5.0;
				TARGETED_DEVICE_FAMILY = 7;
			};
			name = Release;
		};
		7DFEF39D2F8D8B0A00375319 /* Debug */ = {
			isa = XCBuildConfiguration;
			buildSettings = {
				ALWAYS_SEARCH_USER_PATHS = NO;
				ASSETCATALOG_COMPILER_GENERATE_SWIFT_ASSET_SYMBOL_EXTENSIONS = YES;
				CLANG_ANALYZER_NONNULL = YES;
				CLANG_ANALYZER_NUMBER_OBJECT_CONVERSION = YES_AGGRESSIVE;
				CLANG_CXX_LANGUAGE_STANDARD = "gnu++20";
				CLANG_ENABLE_MODULES = YES;
				CLANG_ENABLE_OBJC_ARC = YES;
				CLANG_ENABLE_OBJC_WEAK = YES;
				CLANG_WARN_BLOCK_CAPTURE_AUTORELEASING = YES;
				CLANG_WARN_BOOL_CONVERSION = YES;
				CLANG_WARN_COMMA = YES;
				CLANG_WARN_CONSTANT_CONVERSION = YES;
				CLANG_WARN_DEPRECATED_OBJC_IMPLEMENTATIONS = YES;
				CLANG_WARN_DIRECT_OBJC_ISA_USAGE = YES_ERROR;
				CLANG_WARN_DOCUMENTATION_COMMENTS = YES;
				CLANG_WARN_EMPTY_BODY = YES;
				CLANG_WARN_ENUM_CONVERSION = YES;
				CLANG_WARN_INFINITE_RECURSION = YES;
				CLANG_WARN_INT_CONVERSION = YES;
				CLANG_WARN_NON_LITERAL_NULL_CONVERSION = YES;
				CLANG_WARN_OBJC_IMPLICIT_RETAIN_SELF = YES;
				CLANG_WARN_OBJC_LITERAL_CONVERSION = YES;
				CLANG_WARN_OBJC_ROOT_CLASS = YES_ERROR;
				CLANG_WARN_QUOTED_INCLUDE_IN_FRAMEWORK_HEADER = YES;
				CLANG_WARN_RANGE_LOOP_ANALYSIS = YES;
				CLANG_WARN_STRICT_PROTOTYPES = YES;
				CLANG_WARN_SUSPICIOUS_MOVE = YES;
				CLANG_WARN_UNGUARDED_AVAILABILITY = YES_AGGRESSIVE;
				CLANG_WARN_UNREACHABLE_CODE = YES;
				CLANG_WARN__DUPLICATE_METHOD_MATCH = YES;
				COPY_PHASE_STRIP = NO;
				DEBUG_INFORMATION_FORMAT = dwarf;
				DEVELOPMENT_TEAM = 8GNE6ML5WX;
				ENABLE_STRICT_OBJC_MSGSEND = YES;
				ENABLE_TESTABILITY = YES;
				ENABLE_USER_SCRIPT_SANDBOXING = YES;
				GCC_C_LANGUAGE_STANDARD = gnu17;
				GCC_DYNAMIC_NO_PIC = NO;
				GCC_NO_COMMON_BLOCKS = YES;
				GCC_OPTIMIZATION_LEVEL = 0;
				GCC_PREPROCESSOR_DEFINITIONS = (
					"DEBUG=1",
					"$(inherited)",
				);
				GCC_WARN_64_TO_32_BIT_CONVERSION = YES;
				GCC_WARN_ABOUT_RETURN_TYPE = YES_ERROR;
				GCC_WARN_UNDECLARED_SELECTOR = YES;
				GCC_WARN_UNINITIALIZED_AUTOS = YES_AGGRESSIVE;
				GCC_WARN_UNUSED_FUNCTION = YES;
				GCC_WARN_UNUSED_VARIABLE = YES;
				LOCALIZATION_PREFERS_STRING_CATALOGS = YES;
				MTL_ENABLE_DEBUG_INFO = INCLUDE_SOURCE;
				MTL_FAST_MATH = YES;
				ONLY_ACTIVE_ARCH = YES;
				SDKROOT = xros;
				SWIFT_ACTIVE_COMPILATION_CONDITIONS = "DEBUG $(inherited)";
				SWIFT_OPTIMIZATION_LEVEL = "-Onone";
				XROS_DEPLOYMENT_TARGET = 26.4;
			};
			name = Debug;
		};
		7DFEF39E2F8D8B0A00375319 /* Release */ = {
			isa = XCBuildConfiguration;
			buildSettings = {
				ALWAYS_SEARCH_USER_PATHS = NO;
				ASSETCATALOG_COMPILER_GENERATE_SWIFT_ASSET_SYMBOL_EXTENSIONS = YES;
				CLANG_ANALYZER_NONNULL = YES;
				CLANG_ANALYZER_NUMBER_OBJECT_CONVERSION = YES_AGGRESSIVE;
				CLANG_CXX_LANGUAGE_STANDARD = "gnu++20";
				CLANG_ENABLE_MODULES = YES;
				CLANG_ENABLE_OBJC_ARC = YES;
				CLANG_ENABLE_OBJC_WEAK = YES;
				CLANG_WARN_BLOCK_CAPTURE_AUTORELEASING = YES;
				CLANG_WARN_BOOL_CONVERSION = YES;
				CLANG_WARN_COMMA = YES;
				CLANG_WARN_CONSTANT_CONVERSION = YES;
				CLANG_WARN_DEPRECATED_OBJC_IMPLEMENTATIONS = YES;
				CLANG_WARN_DIRECT_OBJC_ISA_USAGE = YES_ERROR;
				CLANG_WARN_DOCUMENTATION_COMMENTS = YES;
				CLANG_WARN_EMPTY_BODY = YES;
				CLANG_WARN_ENUM_CONVERSION = YES;
				CLANG_WARN_INFINITE_RECURSION = YES;
				CLANG_WARN_INT_CONVERSION = YES;
				CLANG_WARN_NON_LITERAL_NULL_CONVERSION = YES;
				CLANG_WARN_OBJC_IMPLICIT_RETAIN_SELF = YES;
				CLANG_WARN_OBJC_LITERAL_CONVERSION = YES;
				CLANG_WARN_OBJC_ROOT_CLASS = YES_ERROR;
				CLANG_WARN_QUOTED_INCLUDE_IN_FRAMEWORK_HEADER = YES;
				CLANG_WARN_RANGE_LOOP_ANALYSIS = YES;
				CLANG_WARN_STRICT_PROTOTYPES = YES;
				CLANG_WARN_SUSPICIOUS_MOVE = YES;
				CLANG_WARN_UNGUARDED_AVAILABILITY = YES_AGGRESSIVE;
				CLANG_WARN_UNREACHABLE_CODE = YES;
				CLANG_WARN__DUPLICATE_METHOD_MATCH = YES;
				COPY_PHASE_STRIP = NO;
				DEBUG_INFORMATION_FORMAT = "dwarf-with-dsym";
				DEVELOPMENT_TEAM = 8GNE6ML5WX;
				ENABLE_NS_ASSERTIONS = NO;
				ENABLE_STRICT_OBJC_MSGSEND = YES;
				ENABLE_USER_SCRIPT_SANDBOXING = YES;
				GCC_C_LANGUAGE_STANDARD = gnu17;
				GCC_NO_COMMON_BLOCKS = YES;
				GCC_WARN_64_TO_32_BIT_CONVERSION = YES;
				GCC_WARN_ABOUT_RETURN_TYPE = YES_ERROR;
				GCC_WARN_UNDECLARED_SELECTOR = YES;
				GCC_WARN_UNINITIALIZED_AUTOS = YES_AGGRESSIVE;
				GCC_WARN_UNUSED_FUNCTION = YES;
				GCC_WARN_UNUSED_VARIABLE = YES;
				LOCALIZATION_PREFERS_STRING_CATALOGS = YES;
				MTL_ENABLE_DEBUG_INFO = NO;
				MTL_FAST_MATH = YES;
				SDKROOT = xros;
				SWIFT_COMPILATION_MODE = wholemodule;
				VALIDATE_PRODUCT = YES;
				XROS_DEPLOYMENT_TARGET = 26.4;
			};
			name = Release;
		};
		7DFEF3A02F8D8B0A00375319 /* Debug */ = {
			isa = XCBuildConfiguration;
			buildSettings = {
				BUNDLE_LOADER = "$(TEST_HOST)";
				CODE_SIGN_STYLE = Automatic;
				CURRENT_PROJECT_VERSION = 1;
				DEVELOPMENT_TEAM = 8GNE6ML5WX;
				GENERATE_INFOPLIST_FILE = YES;
				MARKETING_VERSION = 1.0;
				PRODUCT_BUNDLE_IDENTIFIER = "io.marcodotio.booster-k1-rosclaw-frontendTests";
				PRODUCT_NAME = "$(TARGET_NAME)";
				STRING_CATALOG_GENERATE_SYMBOLS = NO;
				SUPPORTED_PLATFORMS = "xros xrsimulator";
				SWIFT_APPROACHABLE_CONCURRENCY = YES;
				SWIFT_EMIT_LOC_STRINGS = NO;
				SWIFT_UPCOMING_FEATURE_MEMBER_IMPORT_VISIBILITY = YES;
				SWIFT_VERSION = 5.0;
				TARGETED_DEVICE_FAMILY = 7;
				TEST_HOST = "$(BUILT_PRODUCTS_DIR)/booster-k1-rosclaw-frontend.app/$(BUNDLE_EXECUTABLE_FOLDER_PATH)/booster-k1-rosclaw-frontend";
				XROS_DEPLOYMENT_TARGET = 26.4;
			};
			name = Debug;
		};
		7DFEF3A12F8D8B0A00375319 /* Release */ = {
			isa = XCBuildConfiguration;
			buildSettings = {
				BUNDLE_LOADER = "$(TEST_HOST)";
				CODE_SIGN_STYLE = Automatic;
				CURRENT_PROJECT_VERSION = 1;
				DEVELOPMENT_TEAM = 8GNE6ML5WX;
				GENERATE_INFOPLIST_FILE = YES;
				MARKETING_VERSION = 1.0;
				PRODUCT_BUNDLE_IDENTIFIER = "io.marcodotio.booster-k1-rosclaw-frontendTests";
				PRODUCT_NAME = "$(TARGET_NAME)";
				STRING_CATALOG_GENERATE_SYMBOLS = NO;
				SUPPORTED_PLATFORMS = "xros xrsimulator";
				SWIFT_APPROACHABLE_CONCURRENCY = YES;
				SWIFT_EMIT_LOC_STRINGS = NO;
				SWIFT_UPCOMING_FEATURE_MEMBER_IMPORT_VISIBILITY = YES;
				SWIFT_VERSION = 5.0;
				TARGETED_DEVICE_FAMILY = 7;
				TEST_HOST = "$(BUILT_PRODUCTS_DIR)/booster-k1-rosclaw-frontend.app/$(BUNDLE_EXECUTABLE_FOLDER_PATH)/booster-k1-rosclaw-frontend";
				XROS_DEPLOYMENT_TARGET = 26.4;
			};
			name = Release;
		};
/* End XCBuildConfiguration section */

/* Begin XCConfigurationList section */
		7DFEF37A2F8D8B0900375319 /* Build configuration list for PBXProject "booster-k1-rosclaw-frontend" */ = {
			isa = XCConfigurationList;
			buildConfigurations = (
				7DFEF39D2F8D8B0A00375319 /* Debug */,
				7DFEF39E2F8D8B0A00375319 /* Release */,
			);
			defaultConfigurationIsVisible = 0;
			defaultConfigurationName = Release;
		};
		7DFEF39A2F8D8B0A00375319 /* Build configuration list for PBXNativeTarget "booster-k1-rosclaw-frontend" */ = {
			isa = XCConfigurationList;
			buildConfigurations = (
				7DFEF39B2F8D8B0A00375319 /* Debug */,
				7DFEF39C2F8D8B0A00375319 /* Release */,
			);
			defaultConfigurationIsVisible = 0;
			defaultConfigurationName = Release;
		};
		7DFEF39F2F8D8B0A00375319 /* Build configuration list for PBXNativeTarget "booster-k1-rosclaw-frontendTests" */ = {
			isa = XCConfigurationList;
			buildConfigurations = (
				7DFEF3A02F8D8B0A00375319 /* Debug */,
				7DFEF3A12F8D8B0A00375319 /* Release */,
			);
			defaultConfigurationIsVisible = 0;
			defaultConfigurationName = Release;
		};
/* End XCConfigurationList section */

/* Begin XCSwiftPackageProductDependency section */
		7DFEF3842F8D8B0900375319 /* RealityKitContent */ = {
			isa = XCSwiftPackageProductDependency;
			productName = RealityKitContent;
		};
/* End XCSwiftPackageProductDependency section */
	};
	rootObject = 7DFEF3772F8D8B0800375319 /* Project object */;
}
